
Microsoft Visual Studio Solution File, Format Version 12.00
# Visual Studio Version 17
VisualStudioVersion = 17.12.35527.113
MinimumVisualStudioVersion = 10.0.40219.1
Project("{FAE04EC0-301F-11D3-BF4B-00C04F79EFBC}") = "WebForms", "WebApplication2\WebForms.csproj", "{A7F425CC-0C65-49FE-BD9B-F7E2E3EB223A}"
EndProject
Project("{FAE04EC0-301F-11D3-BF4B-00C04F79EFBC}") = "Dominio", "..\tp-winform-equipo-3A\Dominio\Dominio.csproj", "{A279DFB5-8D2C-4F88-BD1C-F8A83774CF67}"
EndProject
Project("{FAE04EC0-301F-11D3-BF4B-00C04F79EFBC}") = "Negocio", "..\tp-winform-equipo-3A\Negocio\Negocio.csproj", "{26B617CF-BAB5-4795-915F-F5883A6009F9}"
EndProject
Global
	GlobalSection(SolutionConfigurationPlatforms) = preSolution
		Debug|Any CPU = Debug|Any CPU
		Release|Any CPU = Release|Any CPU
	EndGlobalSection
	GlobalSection(ProjectConfigurationPlatforms) = postSolution
		{A7F425CC-0C65-49FE-BD9B-F7E2E3EB223A}.Debug|Any CPU.ActiveCfg = Debug|Any CPU
		{A7F425CC-0C65-49FE-BD9B-F7E2E3EB223A}.Debug|Any CPU.Build.0 = Debug|Any CPU
		{A7F425CC-0C65-49FE-BD9B-F7E2E3EB223A}.Release|Any CPU.ActiveCfg = Release|Any CPU
		{A7F425CC-0C65-49FE-BD9B-F7E2E3EB223A}.Release|Any CPU.Build.0 = Release|Any CPU
		{A279DFB5-8D2C-4F88-BD1C-F8A83774CF67}.Debug|Any CPU.ActiveCfg = Debug|Any CPU
		{A279DFB5-8D2C-4F88-BD1C-F8A83774CF67}.Debug|Any CPU.Build.0 = Debug|Any CPU
		{A279DFB5-8D2C-4F88-BD1C-F8A83774CF67}.Release|Any CPU.ActiveCfg = Release|Any CPU
		{A279DFB5-8D2C-4F88-BD1C-F8A83774CF67}.Release|Any CPU.Build.0 = Release|Any CPU
		{26B617CF-BAB5-4795-915F-F5883A6009F9}.Debug|Any CPU.ActiveCfg = Debug|Any CPU
		{26B617CF-BAB5-4795-915F-F5883A6009F9}.Debug|Any CPU.Build.0 = Debug|Any CPU
		{26B617CF-BAB5-4795-915F-F5883A6009F9}.Release|Any CPU.ActiveCfg = Release|Any CPU
		{26B617CF-BAB5-4795-915F-F5883A6009F9}.Release|Any CPU.Build.0 = Release|Any CPU
	EndGlobalSection
	GlobalSection(SolutionProperties) = preSolution
		HideSolutionNode = FALSE
	EndGlobalSection
EndGlobal
